// !$*UTF8*$!
{
	archiveVersion = 1;
	classes = {
	};
	objectVersion = 50;
	objects = {

/* Begin PBXBuildFile section */
		D836184022906E92004C72C1 /* AppDelegate.swift in Sources */ = {isa = PBXBuildFile; fileRef = D836183F22906E92004C72C1 /* AppDelegate.swift */; };
		D836184222906E92004C72C1 /* ViewController.swift in Sources */ = {isa = PBXBuildFile; fileRef = D836184122906E92004C72C1 /* ViewController.swift */; };
		D836184522906E92004C72C1 /* Main.storyboard in Resources */ = {isa = PBXBuildFile; fileRef = D836184322906E92004C72C1 /* Main.storyboard */; };
		D836184722906E93004C72C1 /* Assets.xcassets in Resources */ = {isa = PBXBuildFile; fileRef = D836184622906E93004C72C1 /* Assets.xcassets */; };
		D836184A22906E93004C72C1 /* LaunchScreen.storyboard in Resources */ = {isa = PBXBuildFile; fileRef = D836184822906E93004C72C1 /* LaunchScreen.storyboard */; };
		F166BDF9D2D3BA3DE272DC1F /* Pods_AutoPackingDemo.framework in Frameworks */ = {isa = PBXBuildFile; fileRef = 18C1BAA901A0F474E5DA7319 /* Pods_AutoPackingDemo.framework */; };
/* End PBXBuildFile section */

/* Begin PBXFileReference section */
		18C1BAA901A0F474E5DA7319 /* Pods_AutoPackingDemo.framework */ = {isa = PBXFileReference; explicitFileType = wrapper.framework; includeInIndex = 0; path = Pods_AutoPackingDemo.framework; sourceTree = BUILT_PRODUCTS_DIR; };
		399A7606EC064EF7B2D002B0 /* Pods-AutoPackingDemo.debug.xcconfig */ = {isa = PBXFileReference; includeInIndex = 1; lastKnownFileType = text.xcconfig; name = "Pods-AutoPackingDemo.debug.xcconfig"; path = "Target Support Files/Pods-AutoPackingDemo/Pods-AutoPackingDemo.debug.xcconfig"; sourceTree = "<group>"; };
		BA727A002A009ED899AB5204 /* Pods-AutoPackingDemo.release.xcconfig */ = {isa = PBXFileReference; includeInIndex = 1; lastKnownFileType = text.xcconfig; name = "Pods-AutoPackingDemo.release.xcconfig"; path = "Target Support Files/Pods-AutoPackingDemo/Pods-AutoPackingDemo.release.xcconfig"; sourceTree = "<group>"; };
		D836183C22906E92004C72C1 /* AutoPackingDemo.app */ = {isa = PBXFileReference; explicitFileType = wrapper.application; includeInIndex = 0; path = AutoPackingDemo.app; sourceTree = BUILT_PRODUCTS_DIR; };
		D836183F22906E92004C72C1 /* AppDelegate.swift */ = {isa = PBXFileReference; lastKnownFileType = sourcecode.swift; path = AppDelegate.swift; sourceTree = "<group>"; };
		D836184122906E92004C72C1 /* ViewController.swift */ = {isa = PBXFileReference; lastKnownFileType = sourcecode.swift; path = ViewController.swift; sourceTree = "<group>"; };
		D836184422906E92004C72C1 /* Base */ = {isa = PBXFileReference; lastKnownFileType = file.storyboard; name = Base; path = Base.lproj/Main.storyboard; sourceTree = "<group>"; };
		D836184622906E93004C72C1 /* Assets.xcassets */ = {isa = PBXFileReference; lastKnownFileType = folder.assetcatalog; path = Assets.xcassets; sourceTree = "<group>"; };
		D836184922906E93004C72C1 /* Base */ = {isa = PBXFileReference; lastKnownFileType = file.storyboard; name = Base; path = Base.lproj/LaunchScreen.storyboard; sourceTree = "<group>"; };
		D836184B22906E93004C72C1 /* Info.plist */ = {isa = PBXFileReference; lastKnownFileType = text.plist.xml; path = Info.plist; sourceTree = "<group>"; };
/* End PBXFileReference section */

/* Begin PBXFrameworksBuildPhase section */
		D836183922906E92004C72C1 /* Frameworks */ = {
			isa = PBXFrameworksBuildPhase;
			buildActionMask = 2147483647;
			files = (
				F166BDF9D2D3BA3DE272DC1F /* Pods_AutoPackingDemo.framework in Frameworks */,
			);
			runOnlyForDeploymentPostprocessing = 0;
		};
/* End PBXFrameworksBuildPhase section */

/* Begin PBXGroup section */
		9212610C9C9418D61FA9BD64 /* Pods */ = {
			isa = PBXGroup;
			children = (
				399A7606EC064EF7B2D002B0 /* Pods-AutoPackingDemo.debug.xcconfig */,
				BA727A002A009ED899AB5204 /* Pods-AutoPackingDemo.release.xcconfig */,
			);
			path = Pods;
			sourceTree = "<group>";
		};
		B00DB47410BA9EF19EA695A4 /* Frameworks */ = {
			isa = PBXGroup;
			children = (
				18C1BAA901A0F474E5DA7319 /* Pods_AutoPackingDemo.framework */,
			);
			name = Frameworks;
			sourceTree = "<group>";
		};
		D836183322906E92004C72C1 = {
			isa = PBXGroup;
			children = (
				D836183E22906E92004C72C1 /* AutoPackingDemo */,
				D836183D22906E92004C72C1 /* Products */,
				9212610C9C9418D61FA9BD64 /* Pods */,
				B00DB47410BA9EF19EA695A4 /* Frameworks */,
			);
			sourceTree = "<group>";
		};
		D836183D22906E92004C72C1 /* Products */ = {
			isa = PBXGroup;
			children = (
				D836183C22906E92004C72C1 /* AutoPackingDemo.app */,
			);
			name = Products;
			sourceTree = "<group>";
		};
		D836183E22906E92004C72C1 /* AutoPackingDemo */ = {
			isa = PBXGroup;
			children = (
				D836183F22906E92004C72C1 /* AppDelegate.swift */,
				D836184122906E92004C72C1 /* ViewController.swift */,
				D836184322906E92004C72C1 /* Main.storyboard */,
				D836184622906E93004C72C1 /* Assets.xcassets */,
				D836184822906E93004C72C1 /* LaunchScreen.storyboard */,
				D836184B22906E93004C72C1 /* Info.plist */,
			);
			path = AutoPackingDemo;
			sourceTree = "<group>";
		};
/* End PBXGroup section */

/* Begin PBXNativeTarget section */
		D836183B22906E92004C72C1 /* AutoPackingDemo */ = {
			isa = PBXNativeTarget;
			buildConfigurationList = D836184E22906E93004C72C1 /* Build configuration list for PBXNativeTarget "AutoPackingDemo" */;
			buildPhases = (
				BDDA8F026998264A1C0C0D9B /* [CP] Check Pods Manifest.lock */,
				D836183822906E92004C72C1 /* Sources */,
				D836183922906E92004C72C1 /* Frameworks */,
				D836183A22906E92004C72C1 /* Resources */,
			);
			buildRules = (
			);
			dependencies = (
			);
			name = AutoPackingDemo;
			productName = AutoPackingDemo;
			productReference = D836183C22906E92004C72C1 /* AutoPackingDemo.app */;
			productType = "com.apple.product-type.application";
		};
/* End PBXNativeTarget section */

/* Begin PBXProject section */
		D836183422906E92004C72C1 /* Project object */ = {
			isa = PBXProject;
			attributes = {
				LastSwiftUpdateCheck = 1020;
				LastUpgradeCheck = 1020;
				ORGANIZATIONNAME = nathan;
				TargetAttributes = {
					D836183B22906E92004C72C1 = {
						CreatedOnToolsVersion = 10.2.1;
					};
				};
			};
			buildConfigurationList = D836183722906E92004C72C1 /* Build configuration list for PBXProject "AutoPackingDemo" */;
			compatibilityVersion = "Xcode 9.3";
			developmentRegion = en;
			hasScannedForEncodings = 0;
			knownRegions = (
				en,
				Base,
			);
			mainGroup = D836183322906E92004C72C1;
			productRefGroup = D836183D22906E92004C72C1 /* Products */;
			projectDirPath = "";
			projectRoot = "";
			targets = (
				D836183B22906E92004C72C1 /* AutoPackingDemo */,
			);
		};
/* End PBXProject section */

/* Begin PBXResourcesBuildPhase section */
		D836183A22906E92004C72C1 /* Resources */ = {
			isa = PBXResourcesBuildPhase;
			buildActionMask = 2147483647;
			files = (
				D836184A22906E93004C72C1 /* LaunchScreen.storyboard in Resources */,
				D836184722906E93004C72C1 /* Assets.xcassets in Resources */,
				D836184522906E92004C72C1 /* Main.storyboard in Resources */,
			);
			runOnlyForDeploymentPostprocessing = 0;
		};
/* End PBXResourcesBuildPhase section */

/* Begin PBXShellScriptBuildPhase section */
		BDDA8F026998264A1C0C0D9B /* [CP] Check Pods Manifest.lock */ = {
			isa = PBXShellScriptBuildPhase;
			buildActionMask = 2147483647;
			files = (
			);
			inputFileListPaths = (
			);
			inputPaths = (
				"${PODS_PODFILE_DIR_PATH}/Podfile.lock",
				"${PODS_ROOT}/Manifest.lock",
			);
			name = "[CP] Check Pods Manifest.lock";
			outputFileListPaths = (
			);
			outputPaths = (
				"$(DERIVED_FILE_DIR)/Pods-AutoPackingDemo-checkManifestLockResult.txt",
			);
			runOnlyForDeploymentPostprocessing = 0;
			shellPath = /bin/sh;
			shellScript = "diff \"${PODS_PODFILE_DIR_PATH}/Podfile.lock\" \"${PODS_ROOT}/Manifest.lock\" > /dev/null\nif [ $? != 0 ] ; then\n    # print error to STDERR\n    echo \"error: The sandbox is not in sync with the Podfile.lock. Run 'pod install' or update your CocoaPods installation.\" >&2\n    exit 1\nfi\n# This output is used by Xcode 'outputs' to avoid re-running this script phase.\necho \"SUCCESS\" > \"${SCRIPT_OUTPUT_FILE_0}\"\n";
			showEnvVarsInLog = 0;
		};
/* End PBXShellScriptBuildPhase section */

/* Begin PBXSourcesBuildPhase section */
		D836183822906E92004C72C1 /* Sources */ = {
			isa = PBXSourcesBuildPhase;
			buildActionMask = 2147483647;
			files = (
				D836184222906E92004C72C1 /* ViewController.swift in Sources */,
				D836184022906E92004C72C1 /* AppDelegate.swift in Sources */,
			);
			runOnlyForDeploymentPostprocessing = 0;
		};
/* End PBXSourcesBuildPhase section */

/* Begin PBXVariantGroup section */
		D836184322906E92004C72C1 /* Main.storyboard */ = {
			isa = PBXVariantGroup;
			children = (
				D836184422906E92004C72C1 /* Base */,
			);
			name = Main.storyboard;
			sourceTree = "<group>";
		};
		D836184822906E93004C72C1 /* LaunchScreen.storyboard */ = {
			isa = PBXVariantGroup;
			children = (
				D836184922906E93004C72C1 /* Base */,
			);
			name = LaunchScreen.storyboard;
			sourceTree = "<group>";
		};
/* End PBXVariantGroup section */

/* Begin XCBuildConfiguration section */
		D836184C22906E93004C72C1 /* Debug */ = {
			isa = XCBuildConfiguration;
			buildSettings = {
				ALWAYS_SEARCH_USER_PATHS = NO;
				CLANG_ANALYZER_NONNULL = YES;
				CLANG_ANALYZER_NUMBER_OBJECT_CONVERSION = YES_AGGRESSIVE;
				CLANG_CXX_LANGUAGE_STANDARD = "gnu++14";
				CLANG_CXX_LIBRARY = "libc++";
				CLANG_ENABLE_MODULES = YES;
				CLANG_ENABLE_OBJC_ARC = YES;
				CLANG_ENABLE_OBJC_WEAK = YES;
				CLANG_WARN_BLOCK_CAPTURE_AUTORELEASING = YES;
				CLANG_WARN_BOOL_CONVERSION = YES;
				CLANG_WARN_COMMA = YES;
				CLANG_WARN_CONSTANT_CONVERSION = YES;
				CLANG_WARN_DEPRECATED_OBJC_IMPLEMENTATIONS = YES;
				CLANG_WARN_DIRECT_OBJC_ISA_USAGE = YES_ERROR;
				CLANG_WARN_DOCUMENTATION_COMMENTS = YES;
				CLANG_WARN_EMPTY_BODY = YES;
				CLANG_WARN_ENUM_CONVERSION = YES;
				CLANG_WARN_INFINITE_RECURSION = YES;
				CLANG_WARN_INT_CONVERSION = YES;
				CLANG_WARN_NON_LITERAL_NULL_CONVERSION = YES;
				CLANG_WARN_OBJC_IMPLICIT_RETAIN_SELF = YES;
				CLANG_WARN_OBJC_LITERAL_CONVERSION = YES;
				CLANG_WARN_OBJC_ROOT_CLASS = YES_ERROR;
				CLANG_WARN_RANGE_LOOP_ANALYSIS = YES;
				CLANG_WARN_STRICT_PROTOTYPES = YES;
				CLANG_WARN_SUSPICIOUS_MOVE = YES;
				CLANG_WARN_UNGUARDED_AVAILABILITY = YES_AGGRESSIVE;
				CLANG_WARN_UNREACHABLE_CODE = YES;
				CLANG_WARN__DUPLICATE_METHOD_MATCH = YES;
				CODE_SIGN_IDENTITY = "iPhone Developer";
				COPY_PHASE_STRIP = NO;
				DEBUG_INFORMATION_FORMAT = dwarf;
				ENABLE_STRICT_OBJC_MSGSEND = YES;
				ENABLE_TESTABILITY = YES;
				GCC_C_LANGUAGE_STANDARD = gnu11;
				GCC_DYNAMIC_NO_PIC = NO;
				GCC_NO_COMMON_BLOCKS = YES;
				GCC_OPTIMIZATION_LEVEL = 0;
				GCC_PREPROCESSOR_DEFINITIONS = (
					"DEBUG=1",
					"$(inherited)",
				);
				GCC_WARN_64_TO_32_BIT_CONVERSION = YES;
				GCC_WARN_ABOUT_RETURN_TYPE = YES_ERROR;
				GCC_WARN_UNDECLARED_SELECTOR = YES;
				GCC_WARN_UNINITIALIZED_AUTOS = YES_AGGRESSIVE;
				GCC_WARN_UNUSED_FUNCTION = YES;
				GCC_WARN_UNUSED_VARIABLE = YES;
				IPHONEOS_DEPLOYMENT_TARGET = 12.2;
				MTL_ENABLE_DEBUG_INFO = INCLUDE_SOURCE;
				MTL_FAST_MATH = YES;
				ONLY_ACTIVE_ARCH = YES;
				SDKROOT = iphoneos;
				SWIFT_ACTIVE_COMPILATION_CONDITIONS = DEBUG;
				SWIFT_OPTIMIZATION_LEVEL = "-Onone";
			};
			name = Debug;
		};
		D836184D22906E93004C72C1 /* Release */ = {
			isa = XCBuildConfiguration;
			buildSettings = {
				ALWAYS_SEARCH_USER_PATHS = NO;
				CLANG_ANALYZER_NONNULL = YES;
				CLANG_ANALYZER_NUMBER_OBJECT_CONVERSION = YES_AGGRESSIVE;
				CLANG_CXX_LANGUAGE_STANDARD = "gnu++14";
				CLANG_CXX_LIBRARY = "libc++";
				CLANG_ENABLE_MODULES = YES;
				CLANG_ENABLE_OBJC_ARC = YES;
				CLANG_ENABLE_OBJC_WEAK = YES;
				CLANG_WARN_BLOCK_CAPTURE_AUTORELEASING = YES;
				CLANG_WARN_BOOL_CONVERSION = YES;
				CLANG_WARN_COMMA = YES;
				CLANG_WARN_CONSTANT_CONVERSION = YES;
				CLANG_WARN_DEPRECATED_OBJC_IMPLEMENTATIONS = YES;
				CLANG_WARN_DIRECT_OBJC_ISA_USAGE = YES_ERROR;
				CLANG_WARN_DOCUMENTATION_COMMENTS = YES;
				CLANG_WARN_EMPTY_BODY = YES;
				CLANG_WARN_ENUM_CONVERSION = YES;
				CLANG_WARN_INFINITE_RECURSION = YES;
				CLANG_WARN_INT_CONVERSION = YES;
				CLANG_WARN_NON_LITERAL_NULL_CONVERSION = YES;
				CLANG_WARN_OBJC_IMPLICIT_RETAIN_SELF = YES;
				CLANG_WARN_OBJC_LITERAL_CONVERSION = YES;
				CLANG_WARN_OBJC_ROOT_CLASS = YES_ERROR;
				CLANG_WARN_RANGE_LOOP_ANALYSIS = YES;
				CLANG_WARN_STRICT_PROTOTYPES = YES;
				CLANG_WARN_SUSPICIOUS_MOVE = YES;
				CLANG_WARN_UNGUARDED_AVAILABILITY = YES_AGGRESSIVE;
				CLANG_WARN_UNREACHABLE_CODE = YES;
				CLANG_WARN__DUPLICATE_METHOD_MATCH = YES;
				CODE_SIGN_IDENTITY = "iPhone Developer";
				COPY_PHASE_STRIP = NO;
				DEBUG_INFORMATION_FORMAT = "dwarf-with-dsym";
				ENABLE_NS_ASSERTIONS = NO;
				ENABLE_STRICT_OBJC_MSGSEND = YES;
				GCC_C_LANGUAGE_STANDARD = gnu11;
				GCC_NO_COMMON_BLOCKS = YES;
				GCC_WARN_64_TO_32_BIT_CONVERSION = YES;
				GCC_WARN_ABOUT_RETURN_TYPE = YES_ERROR;
				GCC_WARN_UNDECLARED_SELECTOR = YES;
				GCC_WARN_UNINITIALIZED_AUTOS = YES_AGGRESSIVE;
				GCC_WARN_UNUSED_FUNCTION = YES;
				GCC_WARN_UNUSED_VARIABLE = YES;
				IPHONEOS_DEPLOYMENT_TARGET = 12.2;
				MTL_ENABLE_DEBUG_INFO = NO;
				MTL_FAST_MATH = YES;
				SDKROOT = iphoneos;
				SWIFT_COMPILATION_MODE = wholemodule;
				SWIFT_OPTIMIZATION_LEVEL = "-O";
				VALIDATE_PRODUCT = YES;
			};
			name = Release;
		};
		D836184F22906E93004C72C1 /* Debug */ = {
			isa = XCBuildConfiguration;
			baseConfigurationReference = 399A7606EC064EF7B2D002B0 /* Pods-AutoPackingDemo.debug.xcconfig */;
			buildSettings = {
				ASSETCATALOG_COMPILER_APPICON_NAME = AppIcon;
				CODE_SIGN_STYLE = Automatic;
				DEVELOPMENT_TEAM = LJVUZ4PP7K;
				INFOPLIST_FILE = AutoPackingDemo/Info.plist;
				LD_RUNPATH_SEARCH_PATHS = (
					"$(inherited)",
					"@executable_path/Frameworks",
				);
				PRODUCT_BUNDLE_IDENTIFIER = com.nathan.AutoPackingDemo;
				PRODUCT_NAME = "$(TARGET_NAME)";
				SWIFT_VERSION = 5.0;
				TARGETED_DEVICE_FAMILY = "1,2";
			};
			name = Debug;
		};
		D836185022906E93004C72C1 /* Release */ = {
			isa = XCBuildConfiguration;
			baseConfigurationReference = BA727A002A009ED899AB5204 /* Pods-AutoPackingDemo.release.xcconfig */;
			buildSettings = {
				ASSETCATALOG_COMPILER_APPICON_NAME = AppIcon;
				CODE_SIGN_STYLE = Automatic;
				DEVELOPMENT_TEAM = LJVUZ4PP7K;
				INFOPLIST_FILE = AutoPackingDemo/Info.plist;
				LD_RUNPATH_SEARCH_PATHS = (
					"$(inherited)",
					"@executable_path/Frameworks",
				);
				PRODUCT_BUNDLE_IDENTIFIER = com.nathan.AutoPackingDemo;
				PRODUCT_NAME = "$(TARGET_NAME)";
				SWIFT_VERSION = 5.0;
				TARGETED_DEVICE_FAMILY = "1,2";
			};
			name = Release;
		};
/* End XCBuildConfiguration section */

/* Begin XCConfigurationList section */
		D836183722906E92004C72C1 /* Build configuration list for PBXProject "AutoPackingDemo" */ = {
			isa = XCConfigurationList;
			buildConfigurations = (
				D836184C22906E93004C72C1 /* Debug */,
				D836184D22906E93004C72C1 /* Release */,
			);
			defaultConfigurationIsVisible = 0;
			defaultConfigurationName = Release;
		};
		D836184E22906E93004C72C1 /* Build configuration list for PBXNativeTarget "AutoPackingDemo" */ = {
			isa = XCConfigurationList;
			buildConfigurations = (
				D836184F22906E93004C72C1 /* Debug */,
				D836185022906E93004C72C1 /* Release */,
			);
			defaultConfigurationIsVisible = 0;
			defaultConfigurationName = Release;
		};
/* End XCConfigurationList section */
	};
	rootObject = D836183422906E92004C72C1 /* Project object */;
}
